
Microsoft Visual Studio Solution File, Format Version 12.00
# Visual Studio Version 16
VisualStudioVersion = 16.0.31129.286
MinimumVisualStudioVersion = 10.0.40219.1
Project("{FAE04EC0-301F-11D3-BF4B-00C04F79EFBC}") = "CarDealer.Web", "CarDealer.Web\CarDealer.Web.csproj", "{23BB95F8-A112-4B35-AAE9-C6B4A22083A4}"
EndProject
Global
	GlobalSection(SolutionConfigurationPlatforms) = preSolution
		Debug|Any CPU = Debug|Any CPU
		Release|Any CPU = Release|Any CPU
	EndGlobalSection
	GlobalSection(ProjectConfigurationPlatforms) = postSolution
		{23BB95F8-A112-4B35-AAE9-C6B4A22083A4}.Debug|Any CPU.ActiveCfg = Debug|Any CPU
		{23BB95F8-A112-4B35-AAE9-C6B4A22083A4}.Debug|Any CPU.Build.0 = Debug|Any CPU
		{23BB95F8-A112-4B35-AAE9-C6B4A22083A4}.Release|Any CPU.ActiveCfg = Release|Any CPU
		{23BB95F8-A112-4B35-AAE9-C6B4A22083A4}.Release|Any CPU.Build.0 = Release|Any CPU
	EndGlobalSection
	GlobalSection(SolutionProperties) = preSolution
		HideSolutionNode = FALSE
	EndGlobalSection
	GlobalSection(ExtensibilityGlobals) = postSolution
		SolutionGuid = {015299FA-7D01-43C9-8E35-4F051B811739}
	EndGlobalSection
EndGlobal
